
Microsoft Visual Studio Solution File, Format Version 12.00
# Visual Studio Version 17
VisualStudioVersion = 17.4.33103.184
MinimumVisualStudioVersion = 10.0.40219.1
Project("{FAE04EC0-301F-11D3-BF4B-00C04F79EFBC}") = "TradingManagementSystem", "TradingManagementSystem\TradingManagementSystem.csproj", "{05C80F8A-C7FB-4225-9E91-1930D512CB8C}"
EndProject
Global
	GlobalSection(SolutionConfigurationPlatforms) = preSolution
		Debug|Any CPU = Debug|Any CPU
		Release|Any CPU = Release|Any CPU
	EndGlobalSection
	GlobalSection(ProjectConfigurationPlatforms) = postSolution
		{05C80F8A-C7FB-4225-9E91-1930D512CB8C}.Debug|Any CPU.ActiveCfg = Debug|Any CPU
		{05C80F8A-C7FB-4225-9E91-1930D512CB8C}.Debug|Any CPU.Build.0 = Debug|Any CPU
		{05C80F8A-C7FB-4225-9E91-1930D512CB8C}.Release|Any CPU.ActiveCfg = Release|Any CPU
		{05C80F8A-C7FB-4225-9E91-1930D512CB8C}.Release|Any CPU.Build.0 = Release|Any CPU
	EndGlobalSection
	GlobalSection(SolutionProperties) = preSolution
		HideSolutionNode = FALSE
	EndGlobalSection
	GlobalSection(ExtensibilityGlobals) = postSolution
		SolutionGuid = {1A594366-3B81-4BDC-BA1E-13D5659748CB}
	EndGlobalSection
EndGlobal
